// !$*UTF8*$!
{
	archiveVersion = 1;
	classes = {
	};
	objectVersion = 77;
	objects = {

/* Begin PBXBuildFile section */
		4BEDE7AD2EA2BA6A001E8050 /* JellyAmpKit.framework in Frameworks */ = {isa = PBXBuildFile; fileRef = 4BEDE7A22EA2BA6A001E8050 /* JellyAmpKit.framework */; };
		4BEDE7B72EA2BA6A001E8050 /* JellyAmpKit.framework in Frameworks */ = {isa = PBXBuildFile; fileRef = 4BEDE7A22EA2BA6A001E8050 /* JellyAmpKit.framework */; };
		4BEDE7B82EA2BA6A001E8050 /* JellyAmpKit.framework in Embed Frameworks */ = {isa = PBXBuildFile; fileRef = 4BEDE7A22EA2BA6A001E8050 /* JellyAmpKit.framework */; settings = {ATTRIBUTES = (CodeSignOnCopy, RemoveHeadersOnCopy, ); }; };
		6D1D0D042F3A7AA100995579 /* WidgetKit.framework in Frameworks */ = {isa = PBXBuildFile; fileRef = 6D1D0D032F3A7AA100995579 /* WidgetKit.framework */; };
		6D1D0D062F3A7AA100995579 /* SwiftUI.framework in Frameworks */ = {isa = PBXBuildFile; fileRef = 6D1D0D052F3A7AA100995579 /* SwiftUI.framework */; };
		6D1D0D112F3A7AA200995579 /* JellyAmpComplicationExtension.appex in Embed Foundation Extensions */ = {isa = PBXBuildFile; fileRef = 6D1D0D012F3A7AA100995579 /* JellyAmpComplicationExtension.appex */; settings = {ATTRIBUTES = (RemoveHeadersOnCopy, ); }; };
		3606C286A2EC6A9873717694 /* JellyAmp Watch Watch App.app in Embed Watch Content */ = {isa = PBXBuildFile; fileRef = 4BEDE7C42EA2BEC6001E8050 /* JellyAmp Watch Watch App.app */; settings = {ATTRIBUTES = (RemoveHeadersOnCopy, ); }; };
		16007407EB1072DDCD5F09E4 /* WaveformView.swift in Sources */ = {isa = PBXBuildFile; fileRef = 7566AC912DAADC8107078FB5 /* WaveformView.swift */; };
		81783F63DFF8832CB429FAF4 /* ShowDateParser.swift in Sources */ = {isa = PBXBuildFile; fileRef = 4A5DAB69B53B4AA24B769735 /* ShowDateParser.swift */; };
/* End PBXBuildFile section */

/* Begin PBXContainerItemProxy section */
		4BEDE7812EA2B834001E8050 /* PBXContainerItemProxy */ = {
			isa = PBXContainerItemProxy;
			containerPortal = 4BEDE76B2EA2B830001E8050 /* Project object */;
			proxyType = 1;
			remoteGlobalIDString = 4BEDE7722EA2B830001E8050;
			remoteInfo = JellyAmp;
		};
		4BEDE78B2EA2B834001E8050 /* PBXContainerItemProxy */ = {
			isa = PBXContainerItemProxy;
			containerPortal = 4BEDE76B2EA2B830001E8050 /* Project object */;
			proxyType = 1;
			remoteGlobalIDString = 4BEDE7722EA2B830001E8050;
			remoteInfo = JellyAmp;
		};
		4BEDE7AE2EA2BA6A001E8050 /* PBXContainerItemProxy */ = {
			isa = PBXContainerItemProxy;
			containerPortal = 4BEDE76B2EA2B830001E8050 /* Project object */;
			proxyType = 1;
			remoteGlobalIDString = 4BEDE7A12EA2BA6A001E8050;
			remoteInfo = JellyAmpKit;
		};
		4BEDE7B02EA2BA6A001E8050 /* PBXContainerItemProxy */ = {
			isa = PBXContainerItemProxy;
			containerPortal = 4BEDE76B2EA2B830001E8050 /* Project object */;
			proxyType = 1;
			remoteGlobalIDString = 4BEDE7722EA2B830001E8050;
			remoteInfo = JellyAmp;
		};
		4BEDE7B52EA2BA6A001E8050 /* PBXContainerItemProxy */ = {
			isa = PBXContainerItemProxy;
			containerPortal = 4BEDE76B2EA2B830001E8050 /* Project object */;
			proxyType = 1;
			remoteGlobalIDString = 4BEDE7A12EA2BA6A001E8050;
			remoteInfo = JellyAmpKit;
		};
		4BEDE7D12EA2BECB001E8050 /* PBXContainerItemProxy */ = {
			isa = PBXContainerItemProxy;
			containerPortal = 4BEDE76B2EA2B830001E8050 /* Project object */;
			proxyType = 1;
			remoteGlobalIDString = 4BEDE7C32EA2BEC6001E8050;
			remoteInfo = "JellyAmp Watch Watch App";
		};
		4BEDE7DB2EA2BECB001E8050 /* PBXContainerItemProxy */ = {
			isa = PBXContainerItemProxy;
			containerPortal = 4BEDE76B2EA2B830001E8050 /* Project object */;
			proxyType = 1;
			remoteGlobalIDString = 4BEDE7C32EA2BEC6001E8050;
			remoteInfo = "JellyAmp Watch Watch App";
		};
		4BEDE7E22EA2BECB001E8050 /* PBXContainerItemProxy */ = {
			isa = PBXContainerItemProxy;
			containerPortal = 4BEDE76B2EA2B830001E8050 /* Project object */;
			proxyType = 1;
			remoteGlobalIDString = 4BEDE7C32EA2BEC6001E8050;
			remoteInfo = "JellyAmp Watch Watch App";
		};
		6D1D0D0F2F3A7AA200995579 /* PBXContainerItemProxy */ = {
			isa = PBXContainerItemProxy;
			containerPortal = 4BEDE76B2EA2B830001E8050 /* Project object */;
			proxyType = 1;
			remoteGlobalIDString = 6D1D0D002F3A7AA100995579;
			remoteInfo = JellyAmpComplicationExtension;
		};
/* End PBXContainerItemProxy section */

/* Begin PBXCopyFilesBuildPhase section */
		4BEDE7BC2EA2BA6B001E8050 /* Embed Frameworks */ = {
			isa = PBXCopyFilesBuildPhase;
			buildActionMask = 2147483647;
			dstPath = "";
			dstSubfolderSpec = 10;
			files = (
				4BEDE7B82EA2BA6A001E8050 /* JellyAmpKit.framework in Embed Frameworks */,
			);
			name = "Embed Frameworks";
			runOnlyForDeploymentPostprocessing = 0;
		};
		4BEDE7E82EA2BECB001E8050 /* Embed Watch Content */ = {
			isa = PBXCopyFilesBuildPhase;
			buildActionMask = 2147483647;
			dstPath = "$(CONTENTS_FOLDER_PATH)/Watch";
			dstSubfolderSpec = 16;
			files = (
				// 3606C286A2EC6A9873717694 /* JellyAmp Watch Watch App.app in Embed Watch Content */,
			);
			name = "Embed Watch Content";
			runOnlyForDeploymentPostprocessing = 0;
		};
		6D1D0D122F3A7AA200995579 /* Embed Foundation Extensions */ = {
			isa = PBXCopyFilesBuildPhase;
			buildActionMask = 2147483647;
			dstPath = "";
			dstSubfolderSpec = 13;
			files = (
				6D1D0D112F3A7AA200995579 /* JellyAmpComplicationExtension.appex in Embed Foundation Extensions */,
			);
			name = "Embed Foundation Extensions";
			runOnlyForDeploymentPostprocessing = 0;
		};
/* End PBXCopyFilesBuildPhase section */

/* Begin PBXFileReference section */
		AA01000000000001 /* ChakraPetch-Regular.ttf */ = {isa = PBXFileReference; lastKnownFileType = file; path = "ChakraPetch-Regular.ttf"; sourceTree = "<group>"; };
		AA01000000000002 /* ChakraPetch-Medium.ttf */ = {isa = PBXFileReference; lastKnownFileType = file; path = "ChakraPetch-Medium.ttf"; sourceTree = "<group>"; };
		AA01000000000003 /* ChakraPetch-SemiBold.ttf */ = {isa = PBXFileReference; lastKnownFileType = file; path = "ChakraPetch-SemiBold.ttf"; sourceTree = "<group>"; };
		AA01000000000004 /* ChakraPetch-Bold.ttf */ = {isa = PBXFileReference; lastKnownFileType = file; path = "ChakraPetch-Bold.ttf"; sourceTree = "<group>"; };
		AA01000000000005 /* Sora-Light.ttf */ = {isa = PBXFileReference; lastKnownFileType = file; path = "Sora-Light.ttf"; sourceTree = "<group>"; };
		AA01000000000006 /* Sora-Regular.ttf */ = {isa = PBXFileReference; lastKnownFileType = file; path = "Sora-Regular.ttf"; sourceTree = "<group>"; };
		AA01000000000007 /* Sora-Medium.ttf */ = {isa = PBXFileReference; lastKnownFileType = file; path = "Sora-Medium.ttf"; sourceTree = "<group>"; };
		AA01000000000008 /* Sora-SemiBold.ttf */ = {isa = PBXFileReference; lastKnownFileType = file; path = "Sora-SemiBold.ttf"; sourceTree = "<group>"; };
		AA01000000000009 /* Sora-Bold.ttf */ = {isa = PBXFileReference; lastKnownFileType = file; path = "Sora-Bold.ttf"; sourceTree = "<group>"; };
		AA0100000000000A /* JetBrainsMono-Regular.ttf */ = {isa = PBXFileReference; lastKnownFileType = file; path = "JetBrainsMono-Regular.ttf"; sourceTree = "<group>"; };
		AA0100000000000B /* JetBrainsMono-Medium.ttf */ = {isa = PBXFileReference; lastKnownFileType = file; path = "JetBrainsMono-Medium.ttf"; sourceTree = "<group>"; };
		AA0100000000000C /* JetBrainsMono-SemiBold.ttf */ = {isa = PBXFileReference; lastKnownFileType = file; path = "JetBrainsMono-SemiBold.ttf"; sourceTree = "<group>"; };
		4BEDE7732EA2B830001E8050 /* JellyAmp.app */ = {isa = PBXFileReference; explicitFileType = wrapper.application; includeInIndex = 0; path = JellyAmp.app; sourceTree = BUILT_PRODUCTS_DIR; };
		4BEDE7802EA2B834001E8050 /* JellyAmpTests.xctest */ = {isa = PBXFileReference; explicitFileType = wrapper.cfbundle; includeInIndex = 0; path = JellyAmpTests.xctest; sourceTree = BUILT_PRODUCTS_DIR; };
		4BEDE78A2EA2B834001E8050 /* JellyAmpUITests.xctest */ = {isa = PBXFileReference; explicitFileType = wrapper.cfbundle; includeInIndex = 0; path = JellyAmpUITests.xctest; sourceTree = BUILT_PRODUCTS_DIR; };
		4BEDE7A22EA2BA6A001E8050 /* JellyAmpKit.framework */ = {isa = PBXFileReference; explicitFileType = wrapper.framework; includeInIndex = 0; path = JellyAmpKit.framework; sourceTree = BUILT_PRODUCTS_DIR; };
		4BEDE7AC2EA2BA6A001E8050 /* JellyAmpKitTests.xctest */ = {isa = PBXFileReference; explicitFileType = wrapper.cfbundle; includeInIndex = 0; path = JellyAmpKitTests.xctest; sourceTree = BUILT_PRODUCTS_DIR; };
		4BEDE7C42EA2BEC6001E8050 /* JellyAmp Watch Watch App.app */ = {isa = PBXFileReference; explicitFileType = wrapper.application; includeInIndex = 0; path = "JellyAmp Watch Watch App.app"; sourceTree = BUILT_PRODUCTS_DIR; };
		4BEDE7D02EA2BECB001E8050 /* JellyAmp Watch Watch AppTests.xctest */ = {isa = PBXFileReference; explicitFileType = wrapper.cfbundle; includeInIndex = 0; path = "JellyAmp Watch Watch AppTests.xctest"; sourceTree = BUILT_PRODUCTS_DIR; };
		4BEDE7DA2EA2BECB001E8050 /* JellyAmp Watch Watch AppUITests.xctest */ = {isa = PBXFileReference; explicitFileType = wrapper.cfbundle; includeInIndex = 0; path = "JellyAmp Watch Watch AppUITests.xctest"; sourceTree = BUILT_PRODUCTS_DIR; };
		6D1D0D012F3A7AA100995579 /* JellyAmpComplicationExtension.appex */ = {isa = PBXFileReference; explicitFileType = "wrapper.app-extension"; includeInIndex = 0; path = JellyAmpComplicationExtension.appex; sourceTree = BUILT_PRODUCTS_DIR; };
		6D1D0D032F3A7AA100995579 /* WidgetKit.framework */ = {isa = PBXFileReference; lastKnownFileType = wrapper.framework; name = WidgetKit.framework; path = System/Library/Frameworks/WidgetKit.framework; sourceTree = SDKROOT; };
		6D1D0D052F3A7AA100995579 /* SwiftUI.framework */ = {isa = PBXFileReference; lastKnownFileType = wrapper.framework; name = SwiftUI.framework; path = System/Library/Frameworks/SwiftUI.framework; sourceTree = SDKROOT; };
		6D1D0D172F3A7E7D00995579 /* JellyAmpComplicationExtension.entitlements */ = {isa = PBXFileReference; lastKnownFileType = text.plist.entitlements; path = JellyAmpComplicationExtension.entitlements; sourceTree = "<group>"; };
		7566AC912DAADC8107078FB5 /* WaveformView.swift */ = {isa = PBXFileReference; lastKnownFileType = sourcecode.swift; path = "WaveformView.swift"; sourceTree = "<group>"; };
		4A5DAB69B53B4AA24B769735 /* ShowDateParser.swift */ = {isa = PBXFileReference; lastKnownFileType = sourcecode.swift; path = "ShowDateParser.swift"; sourceTree = "<group>"; };
/* End PBXFileReference section */

/* Begin PBXFileSystemSynchronizedBuildFileExceptionSet section */
		4B9DF7822EA3B70C001F788A /* Exceptions for "JellyAmp" folder in "JellyAmp" target */ = {
			isa = PBXFileSystemSynchronizedBuildFileExceptionSet;
			membershipExceptions = (
				Info.plist,
			);
			target = 4BEDE7722EA2B830001E8050 /* JellyAmp */;
		};
		6D1D0D162F3A7AA200995579 /* Exceptions for "JellyAmpComplication" folder in "JellyAmpComplicationExtension" target */ = {
			isa = PBXFileSystemSynchronizedBuildFileExceptionSet;
			membershipExceptions = (
				Info.plist,
			);
			target = 6D1D0D002F3A7AA100995579 /* JellyAmpComplicationExtension */;
		};
/* End PBXFileSystemSynchronizedBuildFileExceptionSet section */

/* Begin PBXFileSystemSynchronizedRootGroup section */
		4BEDE7752EA2B830001E8050 /* JellyAmp */ = {
			isa = PBXFileSystemSynchronizedRootGroup;
			exceptions = (
				4B9DF7822EA3B70C001F788A /* Exceptions for "JellyAmp" folder in "JellyAmp" target */,
			);
			path = JellyAmp;
			sourceTree = "<group>";
		};
		4BEDE7832EA2B834001E8050 /* JellyAmpTests */ = {
			isa = PBXFileSystemSynchronizedRootGroup;
			path = JellyAmpTests;
			sourceTree = "<group>";
		};
		4BEDE78D2EA2B834001E8050 /* JellyAmpUITests */ = {
			isa = PBXFileSystemSynchronizedRootGroup;
			path = JellyAmpUITests;
			sourceTree = "<group>";
		};
		4BEDE7A32EA2BA6A001E8050 /* JellyAmpKit */ = {
			isa = PBXFileSystemSynchronizedRootGroup;
			path = JellyAmpKit;
			sourceTree = "<group>";
		};
		4BEDE7B22EA2BA6A001E8050 /* JellyAmpKitTests */ = {
			isa = PBXFileSystemSynchronizedRootGroup;
			path = JellyAmpKitTests;
			sourceTree = "<group>";
		};
		4BEDE7C52EA2BEC6001E8050 /* JellyAmp Watch Watch App */ = {
			isa = PBXFileSystemSynchronizedRootGroup;
			path = "JellyAmp Watch Watch App";
			sourceTree = "<group>";
		};
		4BEDE7D32EA2BECB001E8050 /* JellyAmp Watch Watch AppTests */ = {
			isa = PBXFileSystemSynchronizedRootGroup;
			path = "JellyAmp Watch Watch AppTests";
			sourceTree = "<group>";
		};
		4BEDE7DD2EA2BECB001E8050 /* JellyAmp Watch Watch AppUITests */ = {
			isa = PBXFileSystemSynchronizedRootGroup;
			path = "JellyAmp Watch Watch AppUITests";
			sourceTree = "<group>";
		};
		6D1D0D072F3A7AA100995579 /* JellyAmpComplication */ = {
			isa = PBXFileSystemSynchronizedRootGroup;
			exceptions = (
				6D1D0D162F3A7AA200995579 /* Exceptions for "JellyAmpComplication" folder in "JellyAmpComplicationExtension" target */,
			);
			path = JellyAmpComplication;
			sourceTree = "<group>";
		};
/* End PBXFileSystemSynchronizedRootGroup section */

/* Begin PBXFrameworksBuildPhase section */
		4BEDE7702EA2B830001E8050 /* Frameworks */ = {
			isa = PBXFrameworksBuildPhase;
			buildActionMask = 2147483647;
			files = (
				4BEDE7B72EA2BA6A001E8050 /* JellyAmpKit.framework in Frameworks */,
			);
			runOnlyForDeploymentPostprocessing = 0;
		};
		4BEDE77D2EA2B834001E8050 /* Frameworks */ = {
			isa = PBXFrameworksBuildPhase;
			buildActionMask = 2147483647;
			files = (
			);
			runOnlyForDeploymentPostprocessing = 0;
		};
		4BEDE7872EA2B834001E8050 /* Frameworks */ = {
			isa = PBXFrameworksBuildPhase;
			buildActionMask = 2147483647;
			files = (
			);
			runOnlyForDeploymentPostprocessing = 0;
		};
		4BEDE79F2EA2BA6A001E8050 /* Frameworks */ = {
			isa = PBXFrameworksBuildPhase;
			buildActionMask = 2147483647;
			files = (
			);
			runOnlyForDeploymentPostprocessing = 0;
		};
		4BEDE7A92EA2BA6A001E8050 /* Frameworks */ = {
			isa = PBXFrameworksBuildPhase;
			buildActionMask = 2147483647;
			files = (
				4BEDE7AD2EA2BA6A001E8050 /* JellyAmpKit.framework in Frameworks */,
			);
			runOnlyForDeploymentPostprocessing = 0;
		};
		4BEDE7C12EA2BEC6001E8050 /* Frameworks */ = {
			isa = PBXFrameworksBuildPhase;
			buildActionMask = 2147483647;
			files = (
			);
			runOnlyForDeploymentPostprocessing = 0;
		};
		4BEDE7CD2EA2BECB001E8050 /* Frameworks */ = {
			isa = PBXFrameworksBuildPhase;
			buildActionMask = 2147483647;
			files = (
			);
			runOnlyForDeploymentPostprocessing = 0;
		};
		4BEDE7D72EA2BECB001E8050 /* Frameworks */ = {
			isa = PBXFrameworksBuildPhase;
			buildActionMask = 2147483647;
			files = (
			);
			runOnlyForDeploymentPostprocessing = 0;
		};
		6D1D0CFE2F3A7AA100995579 /* Frameworks */ = {
			isa = PBXFrameworksBuildPhase;
			buildActionMask = 2147483647;
			files = (
				6D1D0D062F3A7AA100995579 /* SwiftUI.framework in Frameworks */,
				6D1D0D042F3A7AA100995579 /* WidgetKit.framework in Frameworks */,
			);
			runOnlyForDeploymentPostprocessing = 0;
		};
/* End PBXFrameworksBuildPhase section */

/* Begin PBXGroup section */
		4BEDE76A2EA2B830001E8050 = {
			isa = PBXGroup;
			children = (
				6D1D0D172F3A7E7D00995579 /* JellyAmpComplicationExtension.entitlements */,
				4BEDE7752EA2B830001E8050 /* JellyAmp */,
				4BEDE7832EA2B834001E8050 /* JellyAmpTests */,
				4BEDE78D2EA2B834001E8050 /* JellyAmpUITests */,
				4BEDE7A32EA2BA6A001E8050 /* JellyAmpKit */,
				4BEDE7B22EA2BA6A001E8050 /* JellyAmpKitTests */,
				4BEDE7C52EA2BEC6001E8050 /* JellyAmp Watch Watch App */,
				4BEDE7D32EA2BECB001E8050 /* JellyAmp Watch Watch AppTests */,
				4BEDE7DD2EA2BECB001E8050 /* JellyAmp Watch Watch AppUITests */,
				6D1D0D072F3A7AA100995579 /* JellyAmpComplication */,
				6D1D0D022F3A7AA100995579 /* Frameworks */,
				4BEDE7742EA2B830001E8050 /* Products */,
			);
			sourceTree = "<group>";
		};
		4BEDE7742EA2B830001E8050 /* Products */ = {
			isa = PBXGroup;
			children = (
				4BEDE7732EA2B830001E8050 /* JellyAmp.app */,
				4BEDE7802EA2B834001E8050 /* JellyAmpTests.xctest */,
				4BEDE78A2EA2B834001E8050 /* JellyAmpUITests.xctest */,
				4BEDE7A22EA2BA6A001E8050 /* JellyAmpKit.framework */,
				4BEDE7AC2EA2BA6A001E8050 /* JellyAmpKitTests.xctest */,
				4BEDE7C42EA2BEC6001E8050 /* JellyAmp Watch Watch App.app */,
				4BEDE7D02EA2BECB001E8050 /* JellyAmp Watch Watch AppTests.xctest */,
				4BEDE7DA2EA2BECB001E8050 /* JellyAmp Watch Watch AppUITests.xctest */,
				6D1D0D012F3A7AA100995579 /* JellyAmpComplicationExtension.appex */,
			);
			name = Products;
			sourceTree = "<group>";
		};
		6D1D0D022F3A7AA100995579 /* Frameworks */ = {
			isa = PBXGroup;
			children = (
				6D1D0D032F3A7AA100995579 /* WidgetKit.framework */,
				6D1D0D052F3A7AA100995579 /* SwiftUI.framework */,
			);
			name = Frameworks;
			sourceTree = "<group>";
		};
		1C2CA28B71F8812E40EEE7EB /* Fonts */ = {
			isa = PBXGroup;
			children = (
				AA01000000000001 /* ChakraPetch-Regular.ttf */,
				AA01000000000002 /* ChakraPetch-Medium.ttf */,
				AA01000000000003 /* ChakraPetch-SemiBold.ttf */,
				AA01000000000004 /* ChakraPetch-Bold.ttf */,
				AA01000000000005 /* Sora-Light.ttf */,
				AA01000000000006 /* Sora-Regular.ttf */,
				AA01000000000007 /* Sora-Medium.ttf */,
				AA01000000000008 /* Sora-SemiBold.ttf */,
				AA01000000000009 /* Sora-Bold.ttf */,
				AA0100000000000A /* JetBrainsMono-Regular.ttf */,
				AA0100000000000B /* JetBrainsMono-Medium.ttf */,
				AA0100000000000C /* JetBrainsMono-SemiBold.ttf */,
			);
			path = Fonts;
			sourceTree = "<group>";
		};
/* End PBXGroup section */

/* Begin PBXHeadersBuildPhase section */
		4BEDE79D2EA2BA6A001E8050 /* Headers */ = {
			isa = PBXHeadersBuildPhase;
			buildActionMask = 2147483647;
			files = (
			);
			runOnlyForDeploymentPostprocessing = 0;
		};
/* End PBXHeadersBuildPhase section */

/* Begin PBXNativeTarget section */
		4BEDE7722EA2B830001E8050 /* JellyAmp */ = {
			isa = PBXNativeTarget;
			buildConfigurationList = 4BEDE7942EA2B834001E8050 /* Build configuration list for PBXNativeTarget "JellyAmp" */;
			buildPhases = (
				4BEDE76F2EA2B830001E8050 /* Sources */,
				4BEDE7702EA2B830001E8050 /* Frameworks */,
				4BEDE7712EA2B830001E8050 /* Resources */,
				4BEDE7BC2EA2BA6B001E8050 /* Embed Frameworks */,
				4BEDE7E82EA2BECB001E8050 /* Embed Watch Content */,
			);
			buildRules = (
			);
			dependencies = (
				4BEDE7B62EA2BA6A001E8050 /* PBXTargetDependency */,
				4BEDE7E32EA2BECB001E8050 /* PBXTargetDependency */,
			);
			fileSystemSynchronizedGroups = (
				4BEDE7752EA2B830001E8050 /* JellyAmp */,
			);
			name = JellyAmp;
			packageProductDependencies = (
			);
			productName = JellyAmp;
			productReference = 4BEDE7732EA2B830001E8050 /* JellyAmp.app */;
			productType = "com.apple.product-type.application";
		};
		4BEDE77F2EA2B834001E8050 /* JellyAmpTests */ = {
			isa = PBXNativeTarget;
			buildConfigurationList = 4BEDE7972EA2B834001E8050 /* Build configuration list for PBXNativeTarget "JellyAmpTests" */;
			buildPhases = (
				4BEDE77C2EA2B834001E8050 /* Sources */,
				4BEDE77D2EA2B834001E8050 /* Frameworks */,
				4BEDE77E2EA2B834001E8050 /* Resources */,
			);
			buildRules = (
			);
			dependencies = (
				4BEDE7822EA2B834001E8050 /* PBXTargetDependency */,
			);
			fileSystemSynchronizedGroups = (
				4BEDE7832EA2B834001E8050 /* JellyAmpTests */,
			);
			name = JellyAmpTests;
			packageProductDependencies = (
			);
			productName = JellyAmpTests;
			productReference = 4BEDE7802EA2B834001E8050 /* JellyAmpTests.xctest */;
			productType = "com.apple.product-type.bundle.unit-test";
		};
		4BEDE7892EA2B834001E8050 /* JellyAmpUITests */ = {
			isa = PBXNativeTarget;
			buildConfigurationList = 4BEDE79A2EA2B834001E8050 /* Build configuration list for PBXNativeTarget "JellyAmpUITests" */;
			buildPhases = (
				4BEDE7862EA2B834001E8050 /* Sources */,
				4BEDE7872EA2B834001E8050 /* Frameworks */,
				4BEDE7882EA2B834001E8050 /* Resources */,
			);
			buildRules = (
			);
			dependencies = (
				4BEDE78C2EA2B834001E8050 /* PBXTargetDependency */,
			);
			fileSystemSynchronizedGroups = (
				4BEDE78D2EA2B834001E8050 /* JellyAmpUITests */,
			);
			name = JellyAmpUITests;
			packageProductDependencies = (
			);
			productName = JellyAmpUITests;
			productReference = 4BEDE78A2EA2B834001E8050 /* JellyAmpUITests.xctest */;
			productType = "com.apple.product-type.bundle.ui-testing";
		};
		4BEDE7A12EA2BA6A001E8050 /* JellyAmpKit */ = {
			isa = PBXNativeTarget;
			buildConfigurationList = 4BEDE7B92EA2BA6B001E8050 /* Build configuration list for PBXNativeTarget "JellyAmpKit" */;
			buildPhases = (
				4BEDE79D2EA2BA6A001E8050 /* Headers */,
				4BEDE79E2EA2BA6A001E8050 /* Sources */,
				4BEDE79F2EA2BA6A001E8050 /* Frameworks */,
				4BEDE7A02EA2BA6A001E8050 /* Resources */,
			);
			buildRules = (
			);
			dependencies = (
			);
			fileSystemSynchronizedGroups = (
				4BEDE7A32EA2BA6A001E8050 /* JellyAmpKit */,
			);
			name = JellyAmpKit;
			packageProductDependencies = (
			);
			productName = JellyAmpKit;
			productReference = 4BEDE7A22EA2BA6A001E8050 /* JellyAmpKit.framework */;
			productType = "com.apple.product-type.framework";
		};
		4BEDE7AB2EA2BA6A001E8050 /* JellyAmpKitTests */ = {
			isa = PBXNativeTarget;
			buildConfigurationList = 4BEDE7BD2EA2BA6B001E8050 /* Build configuration list for PBXNativeTarget "JellyAmpKitTests" */;
			buildPhases = (
				4BEDE7A82EA2BA6A001E8050 /* Sources */,
				4BEDE7A92EA2BA6A001E8050 /* Frameworks */,
				4BEDE7AA2EA2BA6A001E8050 /* Resources */,
			);
			buildRules = (
			);
			dependencies = (
				4BEDE7AF2EA2BA6A001E8050 /* PBXTargetDependency */,
				4BEDE7B12EA2BA6A001E8050 /* PBXTargetDependency */,
			);
			fileSystemSynchronizedGroups = (
				4BEDE7B22EA2BA6A001E8050 /* JellyAmpKitTests */,
			);
			name = JellyAmpKitTests;
			packageProductDependencies = (
			);
			productName = JellyAmpKitTests;
			productReference = 4BEDE7AC2EA2BA6A001E8050 /* JellyAmpKitTests.xctest */;
			productType = "com.apple.product-type.bundle.unit-test";
		};
		4BEDE7C32EA2BEC6001E8050 /* JellyAmp Watch Watch App */ = {
			isa = PBXNativeTarget;
			buildConfigurationList = 4BEDE7E52EA2BECB001E8050 /* Build configuration list for PBXNativeTarget "JellyAmp Watch Watch App" */;
			buildPhases = (
				4BEDE7C02EA2BEC6001E8050 /* Sources */,
				4BEDE7C12EA2BEC6001E8050 /* Frameworks */,
				4BEDE7C22EA2BEC6001E8050 /* Resources */,
				6D1D0D122F3A7AA200995579 /* Embed Foundation Extensions */,
			);
			buildRules = (
			);
			dependencies = (
				6D1D0D102F3A7AA200995579 /* PBXTargetDependency */,
			);
			fileSystemSynchronizedGroups = (
				4BEDE7C52EA2BEC6001E8050 /* JellyAmp Watch Watch App */,
			);
			name = "JellyAmp Watch Watch App";
			packageProductDependencies = (
			);
			productName = "JellyAmp Watch Watch App";
			productReference = 4BEDE7C42EA2BEC6001E8050 /* JellyAmp Watch Watch App.app */;
			productType = "com.apple.product-type.application";
		};
		4BEDE7CF2EA2BECB001E8050 /* JellyAmp Watch Watch AppTests */ = {
			isa = PBXNativeTarget;
			buildConfigurationList = 4BEDE7E92EA2BECB001E8050 /* Build configuration list for PBXNativeTarget "JellyAmp Watch Watch AppTests" */;
			buildPhases = (
				4BEDE7CC2EA2BECB001E8050 /* Sources */,
				4BEDE7CD2EA2BECB001E8050 /* Frameworks */,
				4BEDE7CE2EA2BECB001E8050 /* Resources */,
			);
			buildRules = (
			);
			dependencies = (
				4BEDE7D22EA2BECB001E8050 /* PBXTargetDependency */,
			);
			fileSystemSynchronizedGroups = (
				4BEDE7D32EA2BECB001E8050 /* JellyAmp Watch Watch AppTests */,
			);
			name = "JellyAmp Watch Watch AppTests";
			packageProductDependencies = (
			);
			productName = "JellyAmp Watch Watch AppTests";
			productReference = 4BEDE7D02EA2BECB001E8050 /* JellyAmp Watch Watch AppTests.xctest */;
			productType = "com.apple.product-type.bundle.unit-test";
		};
		4BEDE7D92EA2BECB001E8050 /* JellyAmp Watch Watch AppUITests */ = {
			isa = PBXNativeTarget;
			buildConfigurationList = 4BEDE7EC2EA2BECB001E8050 /* Build configuration list for PBXNativeTarget "JellyAmp Watch Watch AppUITests" */;
			buildPhases = (
				4BEDE7D62EA2BECB001E8050 /* Sources */,
				4BEDE7D72EA2BECB001E8050 /* Frameworks */,
				4BEDE7D82EA2BECB001E8050 /* Resources */,
			);
			buildRules = (
			);
			dependencies = (
				4BEDE7DC2EA2BECB001E8050 /* PBXTargetDependency */,
			);
			fileSystemSynchronizedGroups = (
				4BEDE7DD2EA2BECB001E8050 /* JellyAmp Watch Watch AppUITests */,
			);
			name = "JellyAmp Watch Watch AppUITests";
			packageProductDependencies = (
			);
			productName = "JellyAmp Watch Watch AppUITests";
			productReference = 4BEDE7DA2EA2BECB001E8050 /* JellyAmp Watch Watch AppUITests.xctest */;
			productType = "com.apple.product-type.bundle.ui-testing";
		};
		6D1D0D002F3A7AA100995579 /* JellyAmpComplicationExtension */ = {
			isa = PBXNativeTarget;
			buildConfigurationList = 6D1D0D152F3A7AA200995579 /* Build configuration list for PBXNativeTarget "JellyAmpComplicationExtension" */;
			buildPhases = (
				6D1D0CFD2F3A7AA100995579 /* Sources */,
				6D1D0CFE2F3A7AA100995579 /* Frameworks */,
				6D1D0CFF2F3A7AA100995579 /* Resources */,
			);
			buildRules = (
			);
			dependencies = (
			);
			fileSystemSynchronizedGroups = (
				6D1D0D072F3A7AA100995579 /* JellyAmpComplication */,
			);
			name = JellyAmpComplicationExtension;
			packageProductDependencies = (
			);
			productName = JellyAmpComplicationExtension;
			productReference = 6D1D0D012F3A7AA100995579 /* JellyAmpComplicationExtension.appex */;
			productType = "com.apple.product-type.app-extension";
		};
/* End PBXNativeTarget section */

/* Begin PBXProject section */
		4BEDE76B2EA2B830001E8050 /* Project object */ = {
			isa = PBXProject;
			attributes = {
				BuildIndependentTargetsInParallel = 1;
				LastSwiftUpdateCheck = 2620;
				LastUpgradeCheck = 2600;
				TargetAttributes = {
					4BEDE7722EA2B830001E8050 = {
						CreatedOnToolsVersion = 26.0.1;
					};
					4BEDE77F2EA2B834001E8050 = {
						CreatedOnToolsVersion = 26.0.1;
						TestTargetID = 4BEDE7722EA2B830001E8050;
					};
					4BEDE7892EA2B834001E8050 = {
						CreatedOnToolsVersion = 26.0.1;
						TestTargetID = 4BEDE7722EA2B830001E8050;
					};
					4BEDE7A12EA2BA6A001E8050 = {
						CreatedOnToolsVersion = 26.0.1;
					};
					4BEDE7AB2EA2BA6A001E8050 = {
						CreatedOnToolsVersion = 26.0.1;
						TestTargetID = 4BEDE7722EA2B830001E8050;
					};
					4BEDE7C32EA2BEC6001E8050 = {
						CreatedOnToolsVersion = 26.0.1;
					};
					4BEDE7CF2EA2BECB001E8050 = {
						CreatedOnToolsVersion = 26.0.1;
						TestTargetID = 4BEDE7C32EA2BEC6001E8050;
					};
					4BEDE7D92EA2BECB001E8050 = {
						CreatedOnToolsVersion = 26.0.1;
						TestTargetID = 4BEDE7C32EA2BEC6001E8050;
					};
					6D1D0D002F3A7AA100995579 = {
						CreatedOnToolsVersion = 26.2;
					};
				};
			};
			buildConfigurationList = 4BEDE76E2EA2B830001E8050 /* Build configuration list for PBXProject "JellyAmp" */;
			developmentRegion = en;
			hasScannedForEncodings = 0;
			knownRegions = (
				en,
				Base,
			);
			mainGroup = 4BEDE76A2EA2B830001E8050;
			minimizedProjectReferenceProxies = 1;
			preferredProjectObjectVersion = 77;
			productRefGroup = 4BEDE7742EA2B830001E8050 /* Products */;
			projectDirPath = "";
			projectRoot = "";
			targets = (
				4BEDE7722EA2B830001E8050 /* JellyAmp */,
				4BEDE77F2EA2B834001E8050 /* JellyAmpTests */,
				4BEDE7892EA2B834001E8050 /* JellyAmpUITests */,
				4BEDE7A12EA2BA6A001E8050 /* JellyAmpKit */,
				4BEDE7AB2EA2BA6A001E8050 /* JellyAmpKitTests */,
				4BEDE7C32EA2BEC6001E8050 /* JellyAmp Watch Watch App */,
				4BEDE7CF2EA2BECB001E8050 /* JellyAmp Watch Watch AppTests */,
				4BEDE7D92EA2BECB001E8050 /* JellyAmp Watch Watch AppUITests */,
				6D1D0D002F3A7AA100995579 /* JellyAmpComplicationExtension */,
			);
		};
/* End PBXProject section */

/* Begin PBXResourcesBuildPhase section */
		4BEDE7712EA2B830001E8050 /* Resources */ = {
			isa = PBXResourcesBuildPhase;
			buildActionMask = 2147483647;
			files = (
			);
			runOnlyForDeploymentPostprocessing = 0;
		};
		4BEDE77E2EA2B834001E8050 /* Resources */ = {
			isa = PBXResourcesBuildPhase;
			buildActionMask = 2147483647;
			files = (
			);
			runOnlyForDeploymentPostprocessing = 0;
		};
		4BEDE7882EA2B834001E8050 /* Resources */ = {
			isa = PBXResourcesBuildPhase;
			buildActionMask = 2147483647;
			files = (
			);
			runOnlyForDeploymentPostprocessing = 0;
		};
		4BEDE7A02EA2BA6A001E8050 /* Resources */ = {
			isa = PBXResourcesBuildPhase;
			buildActionMask = 2147483647;
			files = (
			);
			runOnlyForDeploymentPostprocessing = 0;
		};
		4BEDE7AA2EA2BA6A001E8050 /* Resources */ = {
			isa = PBXResourcesBuildPhase;
			buildActionMask = 2147483647;
			files = (
			);
			runOnlyForDeploymentPostprocessing = 0;
		};
		4BEDE7C22EA2BEC6001E8050 /* Resources */ = {
			isa = PBXResourcesBuildPhase;
			buildActionMask = 2147483647;
			files = (
			);
			runOnlyForDeploymentPostprocessing = 0;
		};
		4BEDE7CE2EA2BECB001E8050 /* Resources */ = {
			isa = PBXResourcesBuildPhase;
			buildActionMask = 2147483647;
			files = (
			);
			runOnlyForDeploymentPostprocessing = 0;
		};
		4BEDE7D82EA2BECB001E8050 /* Resources */ = {
			isa = PBXResourcesBuildPhase;
			buildActionMask = 2147483647;
			files = (
			);
			runOnlyForDeploymentPostprocessing = 0;
		};
		6D1D0CFF2F3A7AA100995579 /* Resources */ = {
			isa = PBXResourcesBuildPhase;
			buildActionMask = 2147483647;
			files = (
			);
			runOnlyForDeploymentPostprocessing = 0;
		};
/* End PBXResourcesBuildPhase section */

/* Begin PBXSourcesBuildPhase section */
		4BEDE76F2EA2B830001E8050 /* Sources */ = {
			isa = PBXSourcesBuildPhase;
			buildActionMask = 2147483647;
			files = (
			);
			runOnlyForDeploymentPostprocessing = 0;
		};
		4BEDE77C2EA2B834001E8050 /* Sources */ = {
			isa = PBXSourcesBuildPhase;
			buildActionMask = 2147483647;
			files = (
			);
			runOnlyForDeploymentPostprocessing = 0;
		};
		4BEDE7862EA2B834001E8050 /* Sources */ = {
			isa = PBXSourcesBuildPhase;
			buildActionMask = 2147483647;
			files = (
			);
			runOnlyForDeploymentPostprocessing = 0;
		};
		4BEDE79E2EA2BA6A001E8050 /* Sources */ = {
			isa = PBXSourcesBuildPhase;
			buildActionMask = 2147483647;
			files = (
			);
			runOnlyForDeploymentPostprocessing = 0;
		};
		4BEDE7A82EA2BA6A001E8050 /* Sources */ = {
			isa = PBXSourcesBuildPhase;
			buildActionMask = 2147483647;
			files = (
			);
			runOnlyForDeploymentPostprocessing = 0;
		};
		4BEDE7C02EA2BEC6001E8050 /* Sources */ = {
			isa = PBXSourcesBuildPhase;
			buildActionMask = 2147483647;
			files = (
			);
			runOnlyForDeploymentPostprocessing = 0;
		};
		4BEDE7CC2EA2BECB001E8050 /* Sources */ = {
			isa = PBXSourcesBuildPhase;
			buildActionMask = 2147483647;
			files = (
			);
			runOnlyForDeploymentPostprocessing = 0;
		};
		4BEDE7D62EA2BECB001E8050 /* Sources */ = {
			isa = PBXSourcesBuildPhase;
			buildActionMask = 2147483647;
			files = (
			);
			runOnlyForDeploymentPostprocessing = 0;
		};
		6D1D0CFD2F3A7AA100995579 /* Sources */ = {
			isa = PBXSourcesBuildPhase;
			buildActionMask = 2147483647;
			files = (
			);
			runOnlyForDeploymentPostprocessing = 0;
		};
/* End PBXSourcesBuildPhase section */

/* Begin PBXTargetDependency section */
		4BEDE7822EA2B834001E8050 /* PBXTargetDependency */ = {
			isa = PBXTargetDependency;
			target = 4BEDE7722EA2B830001E8050 /* JellyAmp */;
			targetProxy = 4BEDE7812EA2B834001E8050 /* PBXContainerItemProxy */;
		};
		4BEDE78C2EA2B834001E8050 /* PBXTargetDependency */ = {
			isa = PBXTargetDependency;
			target = 4BEDE7722EA2B830001E8050 /* JellyAmp */;
			targetProxy = 4BEDE78B2EA2B834001E8050 /* PBXContainerItemProxy */;
		};
		4BEDE7AF2EA2BA6A001E8050 /* PBXTargetDependency */ = {
			isa = PBXTargetDependency;
			target = 4BEDE7A12EA2BA6A001E8050 /* JellyAmpKit */;
			targetProxy = 4BEDE7AE2EA2BA6A001E8050 /* PBXContainerItemProxy */;
		};
		4BEDE7B12EA2BA6A001E8050 /* PBXTargetDependency */ = {
			isa = PBXTargetDependency;
			target = 4BEDE7722EA2B830001E8050 /* JellyAmp */;
			targetProxy = 4BEDE7B02EA2BA6A001E8050 /* PBXContainerItemProxy */;
		};
		4BEDE7B62EA2BA6A001E8050 /* PBXTargetDependency */ = {
			isa = PBXTargetDependency;
			target = 4BEDE7A12EA2BA6A001E8050 /* JellyAmpKit */;
			targetProxy = 4BEDE7B52EA2BA6A001E8050 /* PBXContainerItemProxy */;
		};
		6D1D0D102F3A7AA200995579 /* PBXTargetDependency */ = {
			isa = PBXTargetDependency;
			target = 6D1D0D002F3A7AA100995579 /* JellyAmpComplicationExtension */;
			targetProxy = 6D1D0D0F2F3A7AA200995579 /* PBXContainerItemProxy */;
		};
/* End PBXTargetDependency section */

/* Begin XCBuildConfiguration section */
		4BEDE7922EA2B834001E8050 /* Debug */ = {
			isa = XCBuildConfiguration;
			buildSettings = {
				ALWAYS_SEARCH_USER_PATHS = NO;
				ASSETCATALOG_COMPILER_GENERATE_SWIFT_ASSET_SYMBOL_EXTENSIONS = YES;
				CLANG_ANALYZER_NONNULL = YES;
				CLANG_ANALYZER_NUMBER_OBJECT_CONVERSION = YES_AGGRESSIVE;
				CLANG_CXX_LANGUAGE_STANDARD = "gnu++20";
				CLANG_ENABLE_MODULES = YES;
				CLANG_ENABLE_OBJC_ARC = YES;
				CLANG_ENABLE_OBJC_WEAK = YES;
				CLANG_WARN_BLOCK_CAPTURE_AUTORELEASING = YES;
				CLANG_WARN_BOOL_CONVERSION = YES;
				CLANG_WARN_COMMA = YES;
				CLANG_WARN_CONSTANT_CONVERSION = YES;
				CLANG_WARN_DEPRECATED_OBJC_IMPLEMENTATIONS = YES;
				CLANG_WARN_DIRECT_OBJC_ISA_USAGE = YES_ERROR;
				CLANG_WARN_DOCUMENTATION_COMMENTS = YES;
				CLANG_WARN_EMPTY_BODY = YES;
				CLANG_WARN_ENUM_CONVERSION = YES;
				CLANG_WARN_INFINITE_RECURSION = YES;
				CLANG_WARN_INT_CONVERSION = YES;
				CLANG_WARN_NON_LITERAL_NULL_CONVERSION = YES;
				CLANG_WARN_OBJC_IMPLICIT_RETAIN_SELF = YES;
				CLANG_WARN_OBJC_LITERAL_CONVERSION = YES;
				CLANG_WARN_OBJC_ROOT_CLASS = YES_ERROR;
				CLANG_WARN_QUOTED_INCLUDE_IN_FRAMEWORK_HEADER = YES;
				CLANG_WARN_RANGE_LOOP_ANALYSIS = YES;
				CLANG_WARN_STRICT_PROTOTYPES = YES;
				CLANG_WARN_SUSPICIOUS_MOVE = YES;
				CLANG_WARN_UNGUARDED_AVAILABILITY = YES_AGGRESSIVE;
				CLANG_WARN_UNREACHABLE_CODE = YES;
				CLANG_WARN__DUPLICATE_METHOD_MATCH = YES;
				COPY_PHASE_STRIP = NO;
				DEBUG_INFORMATION_FORMAT = dwarf;
				DEVELOPMENT_TEAM = 55XV5874TM;
				ENABLE_STRICT_OBJC_MSGSEND = YES;
				ENABLE_TESTABILITY = YES;
				ENABLE_USER_SCRIPT_SANDBOXING = YES;
				GCC_C_LANGUAGE_STANDARD = gnu17;
				GCC_DYNAMIC_NO_PIC = NO;
				GCC_NO_COMMON_BLOCKS = YES;
				GCC_OPTIMIZATION_LEVEL = 0;
				GCC_PREPROCESSOR_DEFINITIONS = (
					"DEBUG=1",
					"$(inherited)",
				);
				GCC_WARN_64_TO_32_BIT_CONVERSION = YES;
				GCC_WARN_ABOUT_RETURN_TYPE = YES_ERROR;
				GCC_WARN_UNDECLARED_SELECTOR = YES;
				GCC_WARN_UNINITIALIZED_AUTOS = YES_AGGRESSIVE;
				GCC_WARN_UNUSED_FUNCTION = YES;
				GCC_WARN_UNUSED_VARIABLE = YES;
				IPHONEOS_DEPLOYMENT_TARGET = 17.0;
				LOCALIZATION_PREFERS_STRING_CATALOGS = YES;
				MTL_ENABLE_DEBUG_INFO = INCLUDE_SOURCE;
				MTL_FAST_MATH = YES;
				ONLY_ACTIVE_ARCH = YES;
				SDKROOT = iphoneos;
				SWIFT_ACTIVE_COMPILATION_CONDITIONS = "DEBUG $(inherited)";
				SWIFT_OPTIMIZATION_LEVEL = "-Onone";
			};
			name = Debug;
		};
		4BEDE7932EA2B834001E8050 /* Release */ = {
			isa = XCBuildConfiguration;
			buildSettings = {
				ALWAYS_SEARCH_USER_PATHS = NO;
				ASSETCATALOG_COMPILER_GENERATE_SWIFT_ASSET_SYMBOL_EXTENSIONS = YES;
				CLANG_ANALYZER_NONNULL = YES;
				CLANG_ANALYZER_NUMBER_OBJECT_CONVERSION = YES_AGGRESSIVE;
				CLANG_CXX_LANGUAGE_STANDARD = "gnu++20";
				CLANG_ENABLE_MODULES = YES;
				CLANG_ENABLE_OBJC_ARC = YES;
				CLANG_ENABLE_OBJC_WEAK = YES;
				CLANG_WARN_BLOCK_CAPTURE_AUTORELEASING = YES;
				CLANG_WARN_BOOL_CONVERSION = YES;
				CLANG_WARN_COMMA = YES;
				CLANG_WARN_CONSTANT_CONVERSION = YES;
				CLANG_WARN_DEPRECATED_OBJC_IMPLEMENTATIONS = YES;
				CLANG_WARN_DIRECT_OBJC_ISA_USAGE = YES_ERROR;
				CLANG_WARN_DOCUMENTATION_COMMENTS = YES;
				CLANG_WARN_EMPTY_BODY = YES;
				CLANG_WARN_ENUM_CONVERSION = YES;
				CLANG_WARN_INFINITE_RECURSION = YES;
				CLANG_WARN_INT_CONVERSION = YES;
				CLANG_WARN_NON_LITERAL_NULL_CONVERSION = YES;
				CLANG_WARN_OBJC_IMPLICIT_RETAIN_SELF = YES;
				CLANG_WARN_OBJC_LITERAL_CONVERSION = YES;
				CLANG_WARN_OBJC_ROOT_CLASS = YES_ERROR;
				CLANG_WARN_QUOTED_INCLUDE_IN_FRAMEWORK_HEADER = YES;
				CLANG_WARN_RANGE_LOOP_ANALYSIS = YES;
				CLANG_WARN_STRICT_PROTOTYPES = YES;
				CLANG_WARN_SUSPICIOUS_MOVE = YES;
				CLANG_WARN_UNGUARDED_AVAILABILITY = YES_AGGRESSIVE;
				CLANG_WARN_UNREACHABLE_CODE = YES;
				CLANG_WARN__DUPLICATE_METHOD_MATCH = YES;
				COPY_PHASE_STRIP = NO;
				DEBUG_INFORMATION_FORMAT = "dwarf-with-dsym";
				DEVELOPMENT_TEAM = 55XV5874TM;
				ENABLE_NS_ASSERTIONS = NO;
				ENABLE_STRICT_OBJC_MSGSEND = YES;
				ENABLE_USER_SCRIPT_SANDBOXING = YES;
				GCC_C_LANGUAGE_STANDARD = gnu17;
				GCC_NO_COMMON_BLOCKS = YES;
				GCC_WARN_64_TO_32_BIT_CONVERSION = YES;
				GCC_WARN_ABOUT_RETURN_TYPE = YES_ERROR;
				GCC_WARN_UNDECLARED_SELECTOR = YES;
				GCC_WARN_UNINITIALIZED_AUTOS = YES_AGGRESSIVE;
				GCC_WARN_UNUSED_FUNCTION = YES;
				GCC_WARN_UNUSED_VARIABLE = YES;
				IPHONEOS_DEPLOYMENT_TARGET = 17.0;
				LOCALIZATION_PREFERS_STRING_CATALOGS = YES;
				MTL_ENABLE_DEBUG_INFO = NO;
				MTL_FAST_MATH = YES;
				SDKROOT = iphoneos;
				SWIFT_COMPILATION_MODE = wholemodule;
				VALIDATE_PRODUCT = YES;
			};
			name = Release;
		};
		4BEDE7952EA2B834001E8050 /* Debug */ = {
			isa = XCBuildConfiguration;
			buildSettings = {
				ASSETCATALOG_COMPILER_APPICON_NAME = AppIcon;
				ASSETCATALOG_COMPILER_GLOBAL_ACCENT_COLOR_NAME = AccentColor;
				CODE_SIGN_ENTITLEMENTS = JellyAmp/JellyAmp.entitlements;
				CODE_SIGN_STYLE = Automatic;
				CURRENT_PROJECT_VERSION = 15;
				DEVELOPMENT_TEAM = 55XV5874TM;
				ENABLE_PREVIEWS = YES;
				GENERATE_INFOPLIST_FILE = YES;
				INFOPLIST_FILE = JellyAmp/Info.plist;
				INFOPLIST_KEY_UIApplicationSceneManifest_Generation = YES;
				INFOPLIST_KEY_UIApplicationSupportsIndirectInputEvents = YES;
				INFOPLIST_KEY_UIBackgroundModes = audio;
				INFOPLIST_KEY_UILaunchScreen_Generation = YES;
				INFOPLIST_KEY_UISupportedInterfaceOrientations_iPad = "UIInterfaceOrientationPortrait UIInterfaceOrientationPortraitUpsideDown UIInterfaceOrientationLandscapeLeft UIInterfaceOrientationLandscapeRight";
				INFOPLIST_KEY_UISupportedInterfaceOrientations_iPhone = "UIInterfaceOrientationPortrait UIInterfaceOrientationLandscapeLeft UIInterfaceOrientationLandscapeRight";
				LD_RUNPATH_SEARCH_PATHS = (
					"$(inherited)",
					"@executable_path/Frameworks",
				);
				MARKETING_VERSION = 1.1;
				PRODUCT_BUNDLE_IDENTIFIER = jellyampos.Jellywatch.JellyAmp;
				PRODUCT_NAME = "$(TARGET_NAME)";
				STRING_CATALOG_GENERATE_SYMBOLS = YES;
				SUPPORTED_PLATFORMS = "iphoneos iphonesimulator";
				SUPPORTS_MACCATALYST = NO;
				SUPPORTS_MAC_DESIGNED_FOR_IPHONE_IPAD = NO;
				SUPPORTS_XR_DESIGNED_FOR_IPHONE_IPAD = NO;
				SWIFT_APPROACHABLE_CONCURRENCY = YES;
				SWIFT_DEFAULT_ACTOR_ISOLATION = MainActor;
				SWIFT_EMIT_LOC_STRINGS = YES;
				SWIFT_UPCOMING_FEATURE_MEMBER_IMPORT_VISIBILITY = YES;
				SWIFT_VERSION = 5.0;
				TARGETED_DEVICE_FAMILY = 1;
			};
			name = Debug;
		};
		4BEDE7962EA2B834001E8050 /* Release */ = {
			isa = XCBuildConfiguration;
			buildSettings = {
				ASSETCATALOG_COMPILER_APPICON_NAME = AppIcon;
				ASSETCATALOG_COMPILER_GLOBAL_ACCENT_COLOR_NAME = AccentColor;
				CODE_SIGN_ENTITLEMENTS = JellyAmp/JellyAmp.entitlements;
				CODE_SIGN_STYLE = Automatic;
				CURRENT_PROJECT_VERSION = 15;
				DEVELOPMENT_TEAM = 55XV5874TM;
				ENABLE_PREVIEWS = YES;
				GENERATE_INFOPLIST_FILE = YES;
				INFOPLIST_FILE = JellyAmp/Info.plist;
				INFOPLIST_KEY_UIApplicationSceneManifest_Generation = YES;
				INFOPLIST_KEY_UIApplicationSupportsIndirectInputEvents = YES;
				INFOPLIST_KEY_UIBackgroundModes = audio;
				INFOPLIST_KEY_UILaunchScreen_Generation = YES;
				INFOPLIST_KEY_UISupportedInterfaceOrientations_iPad = "UIInterfaceOrientationPortrait UIInterfaceOrientationPortraitUpsideDown UIInterfaceOrientationLandscapeLeft UIInterfaceOrientationLandscapeRight";
				INFOPLIST_KEY_UISupportedInterfaceOrientations_iPhone = "UIInterfaceOrientationPortrait UIInterfaceOrientationLandscapeLeft UIInterfaceOrientationLandscapeRight";
				LD_RUNPATH_SEARCH_PATHS = (
					"$(inherited)",
					"@executable_path/Frameworks",
				);
				MARKETING_VERSION = 1.1;
				PRODUCT_BUNDLE_IDENTIFIER = jellyampos.Jellywatch.JellyAmp;
				PRODUCT_NAME = "$(TARGET_NAME)";
				STRING_CATALOG_GENERATE_SYMBOLS = YES;
				SUPPORTED_PLATFORMS = "iphoneos iphonesimulator";
				SUPPORTS_MACCATALYST = NO;
				SUPPORTS_MAC_DESIGNED_FOR_IPHONE_IPAD = NO;
				SUPPORTS_XR_DESIGNED_FOR_IPHONE_IPAD = NO;
				SWIFT_APPROACHABLE_CONCURRENCY = YES;
				SWIFT_DEFAULT_ACTOR_ISOLATION = MainActor;
				SWIFT_EMIT_LOC_STRINGS = YES;
				SWIFT_UPCOMING_FEATURE_MEMBER_IMPORT_VISIBILITY = YES;
				SWIFT_VERSION = 5.0;
				TARGETED_DEVICE_FAMILY = 1;
			};
			name = Release;
		};
		4BEDE7982EA2B834001E8050 /* Debug */ = {
			isa = XCBuildConfiguration;
			buildSettings = {
				BUNDLE_LOADER = "$(TEST_HOST)";
				CODE_SIGN_STYLE = Automatic;
				CURRENT_PROJECT_VERSION = 15;
				DEVELOPMENT_TEAM = 55XV5874TM;
				GENERATE_INFOPLIST_FILE = YES;
				IPHONEOS_DEPLOYMENT_TARGET = 17.0;
				MARKETING_VERSION = 1.1;
				PRODUCT_BUNDLE_IDENTIFIER = jellyampos.Jellywatch.JellyAmpTests;
				PRODUCT_NAME = "$(TARGET_NAME)";
				STRING_CATALOG_GENERATE_SYMBOLS = NO;
				SWIFT_APPROACHABLE_CONCURRENCY = YES;
				SWIFT_EMIT_LOC_STRINGS = NO;
				SWIFT_UPCOMING_FEATURE_MEMBER_IMPORT_VISIBILITY = YES;
				SWIFT_VERSION = 5.0;
				TARGETED_DEVICE_FAMILY = "1,2";
				TEST_HOST = "$(BUILT_PRODUCTS_DIR)/JellyAmp.app/$(BUNDLE_EXECUTABLE_FOLDER_PATH)/JellyAmp";
			};
			name = Debug;
		};
		4BEDE7992EA2B834001E8050 /* Release */ = {
			isa = XCBuildConfiguration;
			buildSettings = {
				BUNDLE_LOADER = "$(TEST_HOST)";
				CODE_SIGN_STYLE = Automatic;
				CURRENT_PROJECT_VERSION = 15;
				DEVELOPMENT_TEAM = 55XV5874TM;
				GENERATE_INFOPLIST_FILE = YES;
				IPHONEOS_DEPLOYMENT_TARGET = 17.0;
				MARKETING_VERSION = 1.1;
				PRODUCT_BUNDLE_IDENTIFIER = jellyampos.Jellywatch.JellyAmpTests;
				PRODUCT_NAME = "$(TARGET_NAME)";
				STRING_CATALOG_GENERATE_SYMBOLS = NO;
				SWIFT_APPROACHABLE_CONCURRENCY = YES;
				SWIFT_EMIT_LOC_STRINGS = NO;
				SWIFT_UPCOMING_FEATURE_MEMBER_IMPORT_VISIBILITY = YES;
				SWIFT_VERSION = 5.0;
				TARGETED_DEVICE_FAMILY = "1,2";
				TEST_HOST = "$(BUILT_PRODUCTS_DIR)/JellyAmp.app/$(BUNDLE_EXECUTABLE_FOLDER_PATH)/JellyAmp";
			};
			name = Release;
		};
		4BEDE79B2EA2B834001E8050 /* Debug */ = {
			isa = XCBuildConfiguration;
			buildSettings = {
				CODE_SIGN_STYLE = Automatic;
				CURRENT_PROJECT_VERSION = 15;
				DEVELOPMENT_TEAM = 55XV5874TM;
				GENERATE_INFOPLIST_FILE = YES;
				MARKETING_VERSION = 1.1;
				PRODUCT_BUNDLE_IDENTIFIER = jellyampos.Jellywatch.JellyAmpUITests;
				PRODUCT_NAME = "$(TARGET_NAME)";
				STRING_CATALOG_GENERATE_SYMBOLS = NO;
				SWIFT_APPROACHABLE_CONCURRENCY = YES;
				SWIFT_EMIT_LOC_STRINGS = NO;
				SWIFT_UPCOMING_FEATURE_MEMBER_IMPORT_VISIBILITY = YES;
				SWIFT_VERSION = 5.0;
				TARGETED_DEVICE_FAMILY = "1,2";
				TEST_TARGET_NAME = JellyAmp;
			};
			name = Debug;
		};
		4BEDE79C2EA2B834001E8050 /* Release */ = {
			isa = XCBuildConfiguration;
			buildSettings = {
				CODE_SIGN_STYLE = Automatic;
				CURRENT_PROJECT_VERSION = 15;
				DEVELOPMENT_TEAM = 55XV5874TM;
				GENERATE_INFOPLIST_FILE = YES;
				MARKETING_VERSION = 1.1;
				PRODUCT_BUNDLE_IDENTIFIER = jellyampos.Jellywatch.JellyAmpUITests;
				PRODUCT_NAME = "$(TARGET_NAME)";
				STRING_CATALOG_GENERATE_SYMBOLS = NO;
				SWIFT_APPROACHABLE_CONCURRENCY = YES;
				SWIFT_EMIT_LOC_STRINGS = NO;
				SWIFT_UPCOMING_FEATURE_MEMBER_IMPORT_VISIBILITY = YES;
				SWIFT_VERSION = 5.0;
				TARGETED_DEVICE_FAMILY = "1,2";
				TEST_TARGET_NAME = JellyAmp;
			};
			name = Release;
		};
		4BEDE7BA2EA2BA6B001E8050 /* Debug */ = {
			isa = XCBuildConfiguration;
			buildSettings = {
				BUILD_LIBRARY_FOR_DISTRIBUTION = YES;
				CODE_SIGN_STYLE = Automatic;
				CURRENT_PROJECT_VERSION = 15;
				DEVELOPMENT_TEAM = 55XV5874TM;
				DYLIB_COMPATIBILITY_VERSION = 1;
				DYLIB_CURRENT_VERSION = 1;
				DYLIB_INSTALL_NAME_BASE = "@rpath";
				ENABLE_MODULE_VERIFIER = YES;
				GENERATE_INFOPLIST_FILE = YES;
				INFOPLIST_KEY_NSHumanReadableCopyright = "";
				INSTALL_PATH = "$(LOCAL_LIBRARY_DIR)/Frameworks";
				LD_RUNPATH_SEARCH_PATHS = (
					"$(inherited)",
					"@executable_path/Frameworks",
					"@loader_path/Frameworks",
				);
				MARKETING_VERSION = 1.1;
				MODULE_VERIFIER_SUPPORTED_LANGUAGES = "objective-c objective-c++";
				MODULE_VERIFIER_SUPPORTED_LANGUAGE_STANDARDS = "gnu17 gnu++20";
				PRODUCT_BUNDLE_IDENTIFIER = jellyampos.Jellywatch.JellyAmpKit;
				PRODUCT_NAME = "$(TARGET_NAME:c99extidentifier)";
				SKIP_INSTALL = YES;
				STRING_CATALOG_GENERATE_SYMBOLS = YES;
				SUPPORTED_PLATFORMS = "iphoneos iphonesimulator watchos watchsimulator";
				SUPPORTS_MACCATALYST = YES;
				SWIFT_APPROACHABLE_CONCURRENCY = YES;
				SWIFT_EMIT_LOC_STRINGS = YES;
				SWIFT_INSTALL_MODULE = YES;
				SWIFT_INSTALL_OBJC_HEADER = NO;
				SWIFT_UPCOMING_FEATURE_MEMBER_IMPORT_VISIBILITY = YES;
				SWIFT_VERSION = 5.0;
				TARGETED_DEVICE_FAMILY = "1,2,4";
				VERSIONING_SYSTEM = "apple-generic";
				VERSION_INFO_PREFIX = "";
				WATCHOS_DEPLOYMENT_TARGET = 10.0;
			};
			name = Debug;
		};
		4BEDE7BB2EA2BA6B001E8050 /* Release */ = {
			isa = XCBuildConfiguration;
			buildSettings = {
				BUILD_LIBRARY_FOR_DISTRIBUTION = YES;
				CODE_SIGN_STYLE = Automatic;
				CURRENT_PROJECT_VERSION = 15;
				DEVELOPMENT_TEAM = 55XV5874TM;
				DYLIB_COMPATIBILITY_VERSION = 1;
				DYLIB_CURRENT_VERSION = 1;
				DYLIB_INSTALL_NAME_BASE = "@rpath";
				ENABLE_MODULE_VERIFIER = YES;
				GENERATE_INFOPLIST_FILE = YES;
				INFOPLIST_KEY_NSHumanReadableCopyright = "";
				INSTALL_PATH = "$(LOCAL_LIBRARY_DIR)/Frameworks";
				LD_RUNPATH_SEARCH_PATHS = (
					"$(inherited)",
					"@executable_path/Frameworks",
					"@loader_path/Frameworks",
				);
				MARKETING_VERSION = 1.1;
				MODULE_VERIFIER_SUPPORTED_LANGUAGES = "objective-c objective-c++";
				MODULE_VERIFIER_SUPPORTED_LANGUAGE_STANDARDS = "gnu17 gnu++20";
				PRODUCT_BUNDLE_IDENTIFIER = jellyampos.Jellywatch.JellyAmpKit;
				PRODUCT_NAME = "$(TARGET_NAME:c99extidentifier)";
				SKIP_INSTALL = YES;
				STRING_CATALOG_GENERATE_SYMBOLS = YES;
				SUPPORTED_PLATFORMS = "iphoneos iphonesimulator watchos watchsimulator";
				SUPPORTS_MACCATALYST = YES;
				SWIFT_APPROACHABLE_CONCURRENCY = YES;
				SWIFT_EMIT_LOC_STRINGS = YES;
				SWIFT_INSTALL_MODULE = YES;
				SWIFT_INSTALL_OBJC_HEADER = NO;
				SWIFT_UPCOMING_FEATURE_MEMBER_IMPORT_VISIBILITY = YES;
				SWIFT_VERSION = 5.0;
				TARGETED_DEVICE_FAMILY = "1,2,4";
				VERSIONING_SYSTEM = "apple-generic";
				VERSION_INFO_PREFIX = "";
				WATCHOS_DEPLOYMENT_TARGET = 10.0;
			};
			name = Release;
		};
		4BEDE7BE2EA2BA6B001E8050 /* Debug */ = {
			isa = XCBuildConfiguration;
			buildSettings = {
				CODE_SIGN_STYLE = Automatic;
				CURRENT_PROJECT_VERSION = 15;
				DEVELOPMENT_TEAM = 55XV5874TM;
				GENERATE_INFOPLIST_FILE = YES;
				MARKETING_VERSION = 1.1;
				PRODUCT_BUNDLE_IDENTIFIER = jellyampos.Jellywatch.JellyAmpKitTests;
				PRODUCT_NAME = "$(TARGET_NAME)";
				STRING_CATALOG_GENERATE_SYMBOLS = NO;
				SWIFT_APPROACHABLE_CONCURRENCY = YES;
				SWIFT_EMIT_LOC_STRINGS = NO;
				SWIFT_UPCOMING_FEATURE_MEMBER_IMPORT_VISIBILITY = YES;
				SWIFT_VERSION = 5.0;
				TARGETED_DEVICE_FAMILY = "1,2";
				TEST_HOST = "$(BUILT_PRODUCTS_DIR)/JellyAmp.app/$(BUNDLE_EXECUTABLE_FOLDER_PATH)/JellyAmp";
			};
			name = Debug;
		};
		4BEDE7BF2EA2BA6B001E8050 /* Release */ = {
			isa = XCBuildConfiguration;
			buildSettings = {
				CODE_SIGN_STYLE = Automatic;
				CURRENT_PROJECT_VERSION = 15;
				DEVELOPMENT_TEAM = 55XV5874TM;
				GENERATE_INFOPLIST_FILE = YES;
				MARKETING_VERSION = 1.1;
				PRODUCT_BUNDLE_IDENTIFIER = jellyampos.Jellywatch.JellyAmpKitTests;
				PRODUCT_NAME = "$(TARGET_NAME)";
				STRING_CATALOG_GENERATE_SYMBOLS = NO;
				SWIFT_APPROACHABLE_CONCURRENCY = YES;
				SWIFT_EMIT_LOC_STRINGS = NO;
				SWIFT_UPCOMING_FEATURE_MEMBER_IMPORT_VISIBILITY = YES;
				SWIFT_VERSION = 5.0;
				TARGETED_DEVICE_FAMILY = "1,2";
				TEST_HOST = "$(BUILT_PRODUCTS_DIR)/JellyAmp.app/$(BUNDLE_EXECUTABLE_FOLDER_PATH)/JellyAmp";
			};
			name = Release;
		};
		4BEDE7E62EA2BECB001E8050 /* Debug */ = {
			isa = XCBuildConfiguration;
			buildSettings = {
				ASSETCATALOG_COMPILER_APPICON_NAME = AppIcon;
				ASSETCATALOG_COMPILER_GLOBAL_ACCENT_COLOR_NAME = AccentColor;
				CODE_SIGN_ENTITLEMENTS = "JellyAmp Watch Watch App/JellyAmp_Watch_Watch_App.entitlements";
				CODE_SIGN_STYLE = Automatic;
				CURRENT_PROJECT_VERSION = 15;
				DEVELOPMENT_TEAM = 55XV5874TM;
				ENABLE_PREVIEWS = YES;
				GENERATE_INFOPLIST_FILE = YES;
				INFOPLIST_FILE = "JellyAmp-Watch-Watch-App-Info.plist";
				INFOPLIST_KEY_CFBundleDisplayName = "JellyAmp Watch";
				INFOPLIST_KEY_CFBundleIconName = AppIcon;
				INFOPLIST_KEY_UISupportedInterfaceOrientations = "UIInterfaceOrientationPortrait UIInterfaceOrientationPortraitUpsideDown";
				INFOPLIST_KEY_WKBackgroundModes = audio;
				INFOPLIST_KEY_WKCompanionAppBundleIdentifier = jellyampos.Jellywatch.JellyAmp;
				LD_RUNPATH_SEARCH_PATHS = (
					"$(inherited)",
					"@executable_path/Frameworks",
				);
				MARKETING_VERSION = 1.1;
				PRODUCT_BUNDLE_IDENTIFIER = jellyampos.Jellywatch.JellyAmp.watchkitapp;
				PRODUCT_NAME = "$(TARGET_NAME)";
				SDKROOT = watchos;
				SKIP_INSTALL = YES;
				STRING_CATALOG_GENERATE_SYMBOLS = YES;
				SWIFT_APPROACHABLE_CONCURRENCY = YES;
				SWIFT_DEFAULT_ACTOR_ISOLATION = MainActor;
				SWIFT_EMIT_LOC_STRINGS = YES;
				SWIFT_UPCOMING_FEATURE_MEMBER_IMPORT_VISIBILITY = YES;
				SWIFT_VERSION = 5.0;
				TARGETED_DEVICE_FAMILY = 4;
				WATCHOS_DEPLOYMENT_TARGET = 10.0;
			};
			name = Debug;
		};
		4BEDE7E72EA2BECB001E8050 /* Release */ = {
			isa = XCBuildConfiguration;
			buildSettings = {
				ASSETCATALOG_COMPILER_APPICON_NAME = AppIcon;
				ASSETCATALOG_COMPILER_GLOBAL_ACCENT_COLOR_NAME = AccentColor;
				CODE_SIGN_ENTITLEMENTS = "JellyAmp Watch Watch App/JellyAmp_Watch_Watch_App.entitlements";
				CODE_SIGN_STYLE = Automatic;
				CURRENT_PROJECT_VERSION = 15;
				DEVELOPMENT_TEAM = 55XV5874TM;
				ENABLE_PREVIEWS = YES;
				GENERATE_INFOPLIST_FILE = YES;
				INFOPLIST_FILE = "JellyAmp-Watch-Watch-App-Info.plist";
				INFOPLIST_KEY_CFBundleDisplayName = "JellyAmp Watch";
				INFOPLIST_KEY_CFBundleIconName = AppIcon;
				INFOPLIST_KEY_UISupportedInterfaceOrientations = "UIInterfaceOrientationPortrait UIInterfaceOrientationPortraitUpsideDown";
				INFOPLIST_KEY_WKBackgroundModes = audio;
				INFOPLIST_KEY_WKCompanionAppBundleIdentifier = jellyampos.Jellywatch.JellyAmp;
				LD_RUNPATH_SEARCH_PATHS = (
					"$(inherited)",
					"@executable_path/Frameworks",
				);
				MARKETING_VERSION = 1.1;
				PRODUCT_BUNDLE_IDENTIFIER = jellyampos.Jellywatch.JellyAmp.watchkitapp;
				PRODUCT_NAME = "$(TARGET_NAME)";
				SDKROOT = watchos;
				SKIP_INSTALL = YES;
				STRING_CATALOG_GENERATE_SYMBOLS = YES;
				SWIFT_APPROACHABLE_CONCURRENCY = YES;
				SWIFT_DEFAULT_ACTOR_ISOLATION = MainActor;
				SWIFT_EMIT_LOC_STRINGS = YES;
				SWIFT_UPCOMING_FEATURE_MEMBER_IMPORT_VISIBILITY = YES;
				SWIFT_VERSION = 5.0;
				TARGETED_DEVICE_FAMILY = 4;
				WATCHOS_DEPLOYMENT_TARGET = 10.0;
			};
			name = Release;
		};
		4BEDE7EA2EA2BECB001E8050 /* Debug */ = {
			isa = XCBuildConfiguration;
			buildSettings = {
				BUNDLE_LOADER = "$(TEST_HOST)";
				CODE_SIGN_STYLE = Automatic;
				CURRENT_PROJECT_VERSION = 15;
				DEVELOPMENT_TEAM = 55XV5874TM;
				GENERATE_INFOPLIST_FILE = YES;
				MARKETING_VERSION = 1.1;
				PRODUCT_BUNDLE_IDENTIFIER = "jellyampos.Jellywatch.JellyAmp-Watch-Watch-AppTests";
				PRODUCT_NAME = "$(TARGET_NAME)";
				SDKROOT = watchos;
				STRING_CATALOG_GENERATE_SYMBOLS = NO;
				SWIFT_APPROACHABLE_CONCURRENCY = YES;
				SWIFT_EMIT_LOC_STRINGS = NO;
				SWIFT_UPCOMING_FEATURE_MEMBER_IMPORT_VISIBILITY = YES;
				SWIFT_VERSION = 5.0;
				TARGETED_DEVICE_FAMILY = 4;
				TEST_HOST = "$(BUILT_PRODUCTS_DIR)/JellyAmp Watch Watch App.app/$(BUNDLE_EXECUTABLE_FOLDER_PATH)/JellyAmp Watch Watch App";
				WATCHOS_DEPLOYMENT_TARGET = 10.0;
			};
			name = Debug;
		};
		4BEDE7EB2EA2BECB001E8050 /* Release */ = {
			isa = XCBuildConfiguration;
			buildSettings = {
				BUNDLE_LOADER = "$(TEST_HOST)";
				CODE_SIGN_STYLE = Automatic;
				CURRENT_PROJECT_VERSION = 15;
				DEVELOPMENT_TEAM = 55XV5874TM;
				GENERATE_INFOPLIST_FILE = YES;
				MARKETING_VERSION = 1.1;
				PRODUCT_BUNDLE_IDENTIFIER = "jellyampos.Jellywatch.JellyAmp-Watch-Watch-AppTests";
				PRODUCT_NAME = "$(TARGET_NAME)";
				SDKROOT = watchos;
				STRING_CATALOG_GENERATE_SYMBOLS = NO;
				SWIFT_APPROACHABLE_CONCURRENCY = YES;
				SWIFT_EMIT_LOC_STRINGS = NO;
				SWIFT_UPCOMING_FEATURE_MEMBER_IMPORT_VISIBILITY = YES;
				SWIFT_VERSION = 5.0;
				TARGETED_DEVICE_FAMILY = 4;
				TEST_HOST = "$(BUILT_PRODUCTS_DIR)/JellyAmp Watch Watch App.app/$(BUNDLE_EXECUTABLE_FOLDER_PATH)/JellyAmp Watch Watch App";
				WATCHOS_DEPLOYMENT_TARGET = 10.0;
			};
			name = Release;
		};
		4BEDE7ED2EA2BECB001E8050 /* Debug */ = {
			isa = XCBuildConfiguration;
			buildSettings = {
				CODE_SIGN_STYLE = Automatic;
				CURRENT_PROJECT_VERSION = 15;
				DEVELOPMENT_TEAM = 55XV5874TM;
				GENERATE_INFOPLIST_FILE = YES;
				MARKETING_VERSION = 1.1;
				PRODUCT_BUNDLE_IDENTIFIER = "jellyampos.Jellywatch.JellyAmp-Watch-Watch-AppUITests";
				PRODUCT_NAME = "$(TARGET_NAME)";
				SDKROOT = watchos;
				STRING_CATALOG_GENERATE_SYMBOLS = NO;
				SWIFT_APPROACHABLE_CONCURRENCY = YES;
				SWIFT_EMIT_LOC_STRINGS = NO;
				SWIFT_UPCOMING_FEATURE_MEMBER_IMPORT_VISIBILITY = YES;
				SWIFT_VERSION = 5.0;
				TARGETED_DEVICE_FAMILY = 4;
				TEST_TARGET_NAME = "JellyAmp Watch Watch App";
				WATCHOS_DEPLOYMENT_TARGET = 10.0;
			};
			name = Debug;
		};
		4BEDE7EE2EA2BECB001E8050 /* Release */ = {
			isa = XCBuildConfiguration;
			buildSettings = {
				CODE_SIGN_STYLE = Automatic;
				CURRENT_PROJECT_VERSION = 15;
				DEVELOPMENT_TEAM = 55XV5874TM;
				GENERATE_INFOPLIST_FILE = YES;
				MARKETING_VERSION = 1.1;
				PRODUCT_BUNDLE_IDENTIFIER = "jellyampos.Jellywatch.JellyAmp-Watch-Watch-AppUITests";
				PRODUCT_NAME = "$(TARGET_NAME)";
				SDKROOT = watchos;
				STRING_CATALOG_GENERATE_SYMBOLS = NO;
				SWIFT_APPROACHABLE_CONCURRENCY = YES;
				SWIFT_EMIT_LOC_STRINGS = NO;
				SWIFT_UPCOMING_FEATURE_MEMBER_IMPORT_VISIBILITY = YES;
				SWIFT_VERSION = 5.0;
				TARGETED_DEVICE_FAMILY = 4;
				TEST_TARGET_NAME = "JellyAmp Watch Watch App";
				WATCHOS_DEPLOYMENT_TARGET = 10.0;
			};
			name = Release;
		};
		6D1D0D132F3A7AA200995579 /* Debug */ = {
			isa = XCBuildConfiguration;
			buildSettings = {
				ASSETCATALOG_COMPILER_GLOBAL_ACCENT_COLOR_NAME = AccentColor;
				ASSETCATALOG_COMPILER_WIDGET_BACKGROUND_COLOR_NAME = WidgetBackground;
				CODE_SIGN_ENTITLEMENTS = JellyAmpComplicationExtension.entitlements;
				CODE_SIGN_STYLE = Automatic;
				CURRENT_PROJECT_VERSION = 1;
				DEVELOPMENT_TEAM = 55XV5874TM;
				GENERATE_INFOPLIST_FILE = YES;
				INFOPLIST_FILE = JellyAmpComplication/Info.plist;
				INFOPLIST_KEY_CFBundleDisplayName = JellyAmpComplication;
				INFOPLIST_KEY_NSHumanReadableCopyright = "";
				LD_RUNPATH_SEARCH_PATHS = (
					"$(inherited)",
					"@executable_path/Frameworks",
					"@executable_path/../../Frameworks",
					"@executable_path/../../../../Frameworks",
				);
				MARKETING_VERSION = 1.0;
				PRODUCT_BUNDLE_IDENTIFIER = jellyampos.Jellywatch.JellyAmp.watchkitapp.JellyAmpComplication;
				PRODUCT_NAME = "$(TARGET_NAME)";
				SDKROOT = watchos;
				SKIP_INSTALL = YES;
				STRING_CATALOG_GENERATE_SYMBOLS = YES;
				SWIFT_APPROACHABLE_CONCURRENCY = YES;
				SWIFT_EMIT_LOC_STRINGS = YES;
				SWIFT_UPCOMING_FEATURE_MEMBER_IMPORT_VISIBILITY = YES;
				SWIFT_VERSION = 5.0;
				TARGETED_DEVICE_FAMILY = 4;
				WATCHOS_DEPLOYMENT_TARGET = 26.2;
			};
			name = Debug;
		};
		6D1D0D142F3A7AA200995579 /* Release */ = {
			isa = XCBuildConfiguration;
			buildSettings = {
				ASSETCATALOG_COMPILER_GLOBAL_ACCENT_COLOR_NAME = AccentColor;
				ASSETCATALOG_COMPILER_WIDGET_BACKGROUND_COLOR_NAME = WidgetBackground;
				CODE_SIGN_ENTITLEMENTS = JellyAmpComplicationExtension.entitlements;
				CODE_SIGN_STYLE = Automatic;
				CURRENT_PROJECT_VERSION = 1;
				DEVELOPMENT_TEAM = 55XV5874TM;
				GENERATE_INFOPLIST_FILE = YES;
				INFOPLIST_FILE = JellyAmpComplication/Info.plist;
				INFOPLIST_KEY_CFBundleDisplayName = JellyAmpComplication;
				INFOPLIST_KEY_NSHumanReadableCopyright = "";
				LD_RUNPATH_SEARCH_PATHS = (
					"$(inherited)",
					"@executable_path/Frameworks",
					"@executable_path/../../Frameworks",
					"@executable_path/../../../../Frameworks",
				);
				MARKETING_VERSION = 1.0;
				PRODUCT_BUNDLE_IDENTIFIER = jellyampos.Jellywatch.JellyAmp.watchkitapp.JellyAmpComplication;
				PRODUCT_NAME = "$(TARGET_NAME)";
				SDKROOT = watchos;
				SKIP_INSTALL = YES;
				STRING_CATALOG_GENERATE_SYMBOLS = YES;
				SWIFT_APPROACHABLE_CONCURRENCY = YES;
				SWIFT_EMIT_LOC_STRINGS = YES;
				SWIFT_UPCOMING_FEATURE_MEMBER_IMPORT_VISIBILITY = YES;
				SWIFT_VERSION = 5.0;
				TARGETED_DEVICE_FAMILY = 4;
				WATCHOS_DEPLOYMENT_TARGET = 26.2;
			};
			name = Release;
		};
/* End XCBuildConfiguration section */

/* Begin XCConfigurationList section */
		4BEDE76E2EA2B830001E8050 /* Build configuration list for PBXProject "JellyAmp" */ = {
			isa = XCConfigurationList;
			buildConfigurations = (
				4BEDE7922EA2B834001E8050 /* Debug */,
				4BEDE7932EA2B834001E8050 /* Release */,
			);
			defaultConfigurationIsVisible = 0;
			defaultConfigurationName = Release;
		};
		4BEDE7942EA2B834001E8050 /* Build configuration list for PBXNativeTarget "JellyAmp" */ = {
			isa = XCConfigurationList;
			buildConfigurations = (
				4BEDE7952EA2B834001E8050 /* Debug */,
				4BEDE7962EA2B834001E8050 /* Release */,
			);
			defaultConfigurationIsVisible = 0;
			defaultConfigurationName = Release;
		};
		4BEDE7972EA2B834001E8050 /* Build configuration list for PBXNativeTarget "JellyAmpTests" */ = {
			isa = XCConfigurationList;
			buildConfigurations = (
				4BEDE7982EA2B834001E8050 /* Debug */,
				4BEDE7992EA2B834001E8050 /* Release */,
			);
			defaultConfigurationIsVisible = 0;
			defaultConfigurationName = Release;
		};
		4BEDE79A2EA2B834001E8050 /* Build configuration list for PBXNativeTarget "JellyAmpUITests" */ = {
			isa = XCConfigurationList;
			buildConfigurations = (
				4BEDE79B2EA2B834001E8050 /* Debug */,
				4BEDE79C2EA2B834001E8050 /* Release */,
			);
			defaultConfigurationIsVisible = 0;
			defaultConfigurationName = Release;
		};
		4BEDE7B92EA2BA6B001E8050 /* Build configuration list for PBXNativeTarget "JellyAmpKit" */ = {
			isa = XCConfigurationList;
			buildConfigurations = (
				4BEDE7BA2EA2BA6B001E8050 /* Debug */,
				4BEDE7BB2EA2BA6B001E8050 /* Release */,
			);
			defaultConfigurationIsVisible = 0;
			defaultConfigurationName = Release;
		};
		4BEDE7BD2EA2BA6B001E8050 /* Build configuration list for PBXNativeTarget "JellyAmpKitTests" */ = {
			isa = XCConfigurationList;
			buildConfigurations = (
				4BEDE7BE2EA2BA6B001E8050 /* Debug */,
				4BEDE7BF2EA2BA6B001E8050 /* Release */,
			);
			defaultConfigurationIsVisible = 0;
			defaultConfigurationName = Release;
		};
		4BEDE7E52EA2BECB001E8050 /* Build configuration list for PBXNativeTarget "JellyAmp Watch Watch App" */ = {
			isa = XCConfigurationList;
			buildConfigurations = (
				4BEDE7E62EA2BECB001E8050 /* Debug */,
				4BEDE7E72EA2BECB001E8050 /* Release */,
			);
			defaultConfigurationIsVisible = 0;
			defaultConfigurationName = Release;
		};
		4BEDE7E92EA2BECB001E8050 /* Build configuration list for PBXNativeTarget "JellyAmp Watch Watch AppTests" */ = {
			isa = XCConfigurationList;
			buildConfigurations = (
				4BEDE7EA2EA2BECB001E8050 /* Debug */,
				4BEDE7EB2EA2BECB001E8050 /* Release */,
			);
			defaultConfigurationIsVisible = 0;
			defaultConfigurationName = Release;
		};
		4BEDE7EC2EA2BECB001E8050 /* Build configuration list for PBXNativeTarget "JellyAmp Watch Watch AppUITests" */ = {
			isa = XCConfigurationList;
			buildConfigurations = (
				4BEDE7ED2EA2BECB001E8050 /* Debug */,
				4BEDE7EE2EA2BECB001E8050 /* Release */,
			);
			defaultConfigurationIsVisible = 0;
			defaultConfigurationName = Release;
		};
		6D1D0D152F3A7AA200995579 /* Build configuration list for PBXNativeTarget "JellyAmpComplicationExtension" */ = {
			isa = XCConfigurationList;
			buildConfigurations = (
				6D1D0D132F3A7AA200995579 /* Debug */,
				6D1D0D142F3A7AA200995579 /* Release */,
			);
			defaultConfigurationIsVisible = 0;
			defaultConfigurationName = Release;
		};
/* End XCConfigurationList section */
	};
	rootObject = 4BEDE76B2EA2B830001E8050 /* Project object */;
}
